
Microsoft Visual Studio Solution File, Format Version 12.00
# Visual Studio 15
VisualStudioVersion = 15.0.27428.2037
MinimumVisualStudioVersion = 10.0.40219.1
Project("{9A19103F-16F7-4668-BE54-9A1E7A4F7556}") = "demo-app", "demo-app.csproj", "{68FAC20B-2553-49BC-A264-BC2C49595A40}"
EndProject
Global
	GlobalSection(SolutionConfigurationPlatforms) = preSolution
		Debug|Any CPU = Debug|Any CPU
		Release|Any CPU = Release|Any CPU
	EndGlobalSection
	GlobalSection(ProjectConfigurationPlatforms) = postSolution
		{68FAC20B-2553-49BC-A264-BC2C49595A40}.Debug|Any CPU.ActiveCfg = Debug|Any CPU
		{68FAC20B-2553-49BC-A264-BC2C49595A40}.Debug|Any CPU.Build.0 = Debug|Any CPU
		{68FAC20B-2553-49BC-A264-BC2C49595A40}.Release|Any CPU.ActiveCfg = Release|Any CPU
		{68FAC20B-2553-49BC-A264-BC2C49595A40}.Release|Any CPU.Build.0 = Release|Any CPU
	EndGlobalSection
	GlobalSection(SolutionProperties) = preSolution
		HideSolutionNode = FALSE
	EndGlobalSection
	GlobalSection(ExtensibilityGlobals) = postSolution
		SolutionGuid = {8C68E5A7-F705-4B49-9C3A-2B2CE990BEBC}
	EndGlobalSection
EndGlobal
